
Microsoft Visual Studio Solution File, Format Version 12.00
# Visual Studio Version 17
VisualStudioVersion = 17.8.34330.188
MinimumVisualStudioVersion = 10.0.40219.1
Project("{9A19103F-16F7-4668-BE54-9A1E7A4F7556}") = "CSharp12Nutshell", "CSharp12Nutshell\CSharp12Nutshell.csproj", "{617ED73C-AE0D-4AE4-9160-EDF6067822AD}"
EndProject
Project("{2150E333-8FDC-42A3-9474-1A3956D46DE8}") = "Chapter 01", "Chapter 01", "{68FB2020-BFB6-4878-B339-351B45228B2F}"
EndProject
Project("{2150E333-8FDC-42A3-9474-1A3956D46DE8}") = "Chapter 02", "Chapter 02", "{7A0BB612-EAE9-4516-8A51-6577C40DBEEA}"
EndProject
Project("{FAE04EC0-301F-11D3-BF4B-00C04F79EFBC}") = "CSharp12Nutshell.Chapter02.Types", "CSharp12Nutshell.Chapter02.Types\CSharp12Nutshell.Chapter02.Types.csproj", "{98BDEB9A-525D-41BF-8239-DDEDBF30857A}"
EndProject
Global
	GlobalSection(SolutionConfigurationPlatforms) = preSolution
		Debug|Any CPU = Debug|Any CPU
		Release|Any CPU = Release|Any CPU
	EndGlobalSection
	GlobalSection(ProjectConfigurationPlatforms) = postSolution
		{617ED73C-AE0D-4AE4-9160-EDF6067822AD}.Debug|Any CPU.ActiveCfg = Debug|Any CPU
		{617ED73C-AE0D-4AE4-9160-EDF6067822AD}.Debug|Any CPU.Build.0 = Debug|Any CPU
		{617ED73C-AE0D-4AE4-9160-EDF6067822AD}.Release|Any CPU.ActiveCfg = Release|Any CPU
		{617ED73C-AE0D-4AE4-9160-EDF6067822AD}.Release|Any CPU.Build.0 = Release|Any CPU
		{98BDEB9A-525D-41BF-8239-DDEDBF30857A}.Debug|Any CPU.ActiveCfg = Debug|Any CPU
		{98BDEB9A-525D-41BF-8239-DDEDBF30857A}.Debug|Any CPU.Build.0 = Debug|Any CPU
		{98BDEB9A-525D-41BF-8239-DDEDBF30857A}.Release|Any CPU.ActiveCfg = Release|Any CPU
		{98BDEB9A-525D-41BF-8239-DDEDBF30857A}.Release|Any CPU.Build.0 = Release|Any CPU
	EndGlobalSection
	GlobalSection(SolutionProperties) = preSolution
		HideSolutionNode = FALSE
	EndGlobalSection
	GlobalSection(NestedProjects) = preSolution
		{617ED73C-AE0D-4AE4-9160-EDF6067822AD} = {68FB2020-BFB6-4878-B339-351B45228B2F}
		{98BDEB9A-525D-41BF-8239-DDEDBF30857A} = {7A0BB612-EAE9-4516-8A51-6577C40DBEEA}
	EndGlobalSection
	GlobalSection(ExtensibilityGlobals) = postSolution
		SolutionGuid = {ADADFC4F-71C6-40C6-9CA0-1E7BECE75C35}
	EndGlobalSection
EndGlobal
