
Microsoft Visual Studio Solution File, Format Version 12.00
# Visual Studio Version 17
VisualStudioVersion = 17.8.34330.188
MinimumVisualStudioVersion = 10.0.40219.1
Project("{9A19103F-16F7-4668-BE54-9A1E7A4F7556}") = "CSharp12Nutshell", "CSharp12Nutshell\CSharp12Nutshell.csproj", "{617ED73C-AE0D-4AE4-9160-EDF6067822AD}"
EndProject
Project("{2150E333-8FDC-42A3-9474-1A3956D46DE8}") = "Chapter 01", "Chapter 01", "{68FB2020-BFB6-4878-B339-351B45228B2F}"
EndProject
Project("{2150E333-8FDC-42A3-9474-1A3956D46DE8}") = "Chapter 02", "Chapter 02", "{7A0BB612-EAE9-4516-8A51-6577C40DBEEA}"
EndProject
Project("{9A19103F-16F7-4668-BE54-9A1E7A4F7556}") = "CSharp12Nutshell.Chapter02.Types", "CSharp12Nutshell.Chapter02.Types\CSharp12Nutshell.Chapter02.Types.csproj", "{98BDEB9A-525D-41BF-8239-DDEDBF30857A}"
EndProject
Project("{2150E333-8FDC-42A3-9474-1A3956D46DE8}") = "Chapter 03", "Chapter 03", "{2C43E3BD-E1D2-4931-8D80-C1F81FCDF6D7}"
EndProject
Project("{9A19103F-16F7-4668-BE54-9A1E7A4F7556}") = "CSharp12Nutshell.Chapter03.Classes", "CSharp12Nutshell.Chapter03.Classes\CSharp12Nutshell.Chapter03.Classes.csproj", "{0291235F-354F-4AFC-B725-2FAD734698AB}"
EndProject
Project("{9A19103F-16F7-4668-BE54-9A1E7A4F7556}") = "CSharp12Nutshell.Chapter03.Inheritance", "CSharp12Nutshell.Chapter03.Inheritance\CSharp12Nutshell.Chapter03.Inheritance.csproj", "{17178AD5-4660-4B08-8441-57E06B64707A}"
EndProject
Project("{9A19103F-16F7-4668-BE54-9A1E7A4F7556}") = "CSharp12Nutshell.Chapter03.Generics", "CSharp12Nutshell.Chapter03.Generics\CSharp12Nutshell.Chapter03.Generics.csproj", "{13052CFF-6A80-49CC-B8C4-FD24883C9CDA}"
EndProject
Project("{2150E333-8FDC-42A3-9474-1A3956D46DE8}") = "Chapter 04", "Chapter 04", "{B9B412FA-C139-4009-9B49-B6454EE1C51D}"
EndProject
Project("{9A19103F-16F7-4668-BE54-9A1E7A4F7556}") = "CSharp12Nutshell.Chapter04.Delegates", "CSharp12Nutshell.Chapter04.Delegates\CSharp12Nutshell.Chapter04.Delegates.csproj", "{05668C07-8E36-48C5-BBA1-DC2CDAA90DAC}"
EndProject
Project("{9A19103F-16F7-4668-BE54-9A1E7A4F7556}") = "CSharp12Nutshell.Chapter04.Events", "CSharp12Nutshell.Chapter04.Events\CSharp12Nutshell.Chapter04.Events.csproj", "{EEE593E6-E89D-44F3-92A3-B9E3F4DCC8C3}"
EndProject
Project("{9A19103F-16F7-4668-BE54-9A1E7A4F7556}") = "CSharp12Nutshell.Chapter04.Patterns", "CSharp12Nutshell.Chapter04.Patterns\CSharp12Nutshell.Chapter04.Patterns.csproj", "{29623334-4165-4447-9530-FF9AD5443ECB}"
EndProject
Project("{9A19103F-16F7-4668-BE54-9A1E7A4F7556}") = "CSharp12Nutshell.Chapter04.Attributes", "CSharp12Nutshell.Chapter04.Attributes\CSharp12Nutshell.Chapter04.Attributes.csproj", "{96FC7AE3-C7E3-48E2-BA46-2413B7C60CFB}"
EndProject
Project("{2150E333-8FDC-42A3-9474-1A3956D46DE8}") = "Chapter 07", "Chapter 07", "{58989403-958D-4D01-851F-1B229192F148}"
EndProject
Project("{9A19103F-16F7-4668-BE54-9A1E7A4F7556}") = "CSharp12Nutshell.Chapter07.Collections", "CSharp12Nutshell.Chapter07.Collections\CSharp12Nutshell.Chapter07.Collections.csproj", "{698961B6-5DC5-4E3F-8406-D66C05365FCF}"
EndProject
Project("{9A19103F-16F7-4668-BE54-9A1E7A4F7556}") = "CSharp12Nutshell.Chapter07.Arrays", "CSharp12Nutshell.Chapter07.Arrays\CSharp12Nutshell.Chapter07.Arrays.csproj", "{0B921B4E-0003-4960-A1C4-2F01F338F6E3}"
EndProject
Project("{9A19103F-16F7-4668-BE54-9A1E7A4F7556}") = "CSharp12Nutshell.Chapter07.ListAndQueue", "CSharp12Nutshell.Chapter07.ListAndQueue\CSharp12Nutshell.Chapter07.ListAndQueue.csproj", "{6ACE4ABB-F6EB-4A8E-83AF-3DCFAAE5D9ED}"
EndProject
Project("{FAE04EC0-301F-11D3-BF4B-00C04F79EFBC}") = "CSharp12Nutshell.Chapter07.Dictionaries", "CSharp12Nutshell.Chapter07.Dictionaries\CSharp12Nutshell.Chapter07.Dictionaries.csproj", "{612B91C8-5D97-40FA-9C51-75A29FD1370C}"
EndProject
Global
	GlobalSection(SolutionConfigurationPlatforms) = preSolution
		Debug|Any CPU = Debug|Any CPU
		Release|Any CPU = Release|Any CPU
	EndGlobalSection
	GlobalSection(ProjectConfigurationPlatforms) = postSolution
		{617ED73C-AE0D-4AE4-9160-EDF6067822AD}.Debug|Any CPU.ActiveCfg = Debug|Any CPU
		{617ED73C-AE0D-4AE4-9160-EDF6067822AD}.Debug|Any CPU.Build.0 = Debug|Any CPU
		{617ED73C-AE0D-4AE4-9160-EDF6067822AD}.Release|Any CPU.ActiveCfg = Release|Any CPU
		{617ED73C-AE0D-4AE4-9160-EDF6067822AD}.Release|Any CPU.Build.0 = Release|Any CPU
		{98BDEB9A-525D-41BF-8239-DDEDBF30857A}.Debug|Any CPU.ActiveCfg = Debug|Any CPU
		{98BDEB9A-525D-41BF-8239-DDEDBF30857A}.Debug|Any CPU.Build.0 = Debug|Any CPU
		{98BDEB9A-525D-41BF-8239-DDEDBF30857A}.Release|Any CPU.ActiveCfg = Release|Any CPU
		{98BDEB9A-525D-41BF-8239-DDEDBF30857A}.Release|Any CPU.Build.0 = Release|Any CPU
		{0291235F-354F-4AFC-B725-2FAD734698AB}.Debug|Any CPU.ActiveCfg = Debug|Any CPU
		{0291235F-354F-4AFC-B725-2FAD734698AB}.Debug|Any CPU.Build.0 = Debug|Any CPU
		{0291235F-354F-4AFC-B725-2FAD734698AB}.Release|Any CPU.ActiveCfg = Release|Any CPU
		{0291235F-354F-4AFC-B725-2FAD734698AB}.Release|Any CPU.Build.0 = Release|Any CPU
		{17178AD5-4660-4B08-8441-57E06B64707A}.Debug|Any CPU.ActiveCfg = Debug|Any CPU
		{17178AD5-4660-4B08-8441-57E06B64707A}.Debug|Any CPU.Build.0 = Debug|Any CPU
		{17178AD5-4660-4B08-8441-57E06B64707A}.Release|Any CPU.ActiveCfg = Release|Any CPU
		{17178AD5-4660-4B08-8441-57E06B64707A}.Release|Any CPU.Build.0 = Release|Any CPU
		{13052CFF-6A80-49CC-B8C4-FD24883C9CDA}.Debug|Any CPU.ActiveCfg = Debug|Any CPU
		{13052CFF-6A80-49CC-B8C4-FD24883C9CDA}.Debug|Any CPU.Build.0 = Debug|Any CPU
		{13052CFF-6A80-49CC-B8C4-FD24883C9CDA}.Release|Any CPU.ActiveCfg = Release|Any CPU
		{13052CFF-6A80-49CC-B8C4-FD24883C9CDA}.Release|Any CPU.Build.0 = Release|Any CPU
		{05668C07-8E36-48C5-BBA1-DC2CDAA90DAC}.Debug|Any CPU.ActiveCfg = Debug|Any CPU
		{05668C07-8E36-48C5-BBA1-DC2CDAA90DAC}.Debug|Any CPU.Build.0 = Debug|Any CPU
		{05668C07-8E36-48C5-BBA1-DC2CDAA90DAC}.Release|Any CPU.ActiveCfg = Release|Any CPU
		{05668C07-8E36-48C5-BBA1-DC2CDAA90DAC}.Release|Any CPU.Build.0 = Release|Any CPU
		{EEE593E6-E89D-44F3-92A3-B9E3F4DCC8C3}.Debug|Any CPU.ActiveCfg = Debug|Any CPU
		{EEE593E6-E89D-44F3-92A3-B9E3F4DCC8C3}.Debug|Any CPU.Build.0 = Debug|Any CPU
		{EEE593E6-E89D-44F3-92A3-B9E3F4DCC8C3}.Release|Any CPU.ActiveCfg = Release|Any CPU
		{EEE593E6-E89D-44F3-92A3-B9E3F4DCC8C3}.Release|Any CPU.Build.0 = Release|Any CPU
		{29623334-4165-4447-9530-FF9AD5443ECB}.Debug|Any CPU.ActiveCfg = Debug|Any CPU
		{29623334-4165-4447-9530-FF9AD5443ECB}.Debug|Any CPU.Build.0 = Debug|Any CPU
		{29623334-4165-4447-9530-FF9AD5443ECB}.Release|Any CPU.ActiveCfg = Release|Any CPU
		{29623334-4165-4447-9530-FF9AD5443ECB}.Release|Any CPU.Build.0 = Release|Any CPU
		{96FC7AE3-C7E3-48E2-BA46-2413B7C60CFB}.Debug|Any CPU.ActiveCfg = Debug|Any CPU
		{96FC7AE3-C7E3-48E2-BA46-2413B7C60CFB}.Debug|Any CPU.Build.0 = Debug|Any CPU
		{96FC7AE3-C7E3-48E2-BA46-2413B7C60CFB}.Release|Any CPU.ActiveCfg = Release|Any CPU
		{96FC7AE3-C7E3-48E2-BA46-2413B7C60CFB}.Release|Any CPU.Build.0 = Release|Any CPU
		{698961B6-5DC5-4E3F-8406-D66C05365FCF}.Debug|Any CPU.ActiveCfg = Debug|Any CPU
		{698961B6-5DC5-4E3F-8406-D66C05365FCF}.Debug|Any CPU.Build.0 = Debug|Any CPU
		{698961B6-5DC5-4E3F-8406-D66C05365FCF}.Release|Any CPU.ActiveCfg = Release|Any CPU
		{698961B6-5DC5-4E3F-8406-D66C05365FCF}.Release|Any CPU.Build.0 = Release|Any CPU
		{0B921B4E-0003-4960-A1C4-2F01F338F6E3}.Debug|Any CPU.ActiveCfg = Debug|Any CPU
		{0B921B4E-0003-4960-A1C4-2F01F338F6E3}.Debug|Any CPU.Build.0 = Debug|Any CPU
		{0B921B4E-0003-4960-A1C4-2F01F338F6E3}.Release|Any CPU.ActiveCfg = Release|Any CPU
		{0B921B4E-0003-4960-A1C4-2F01F338F6E3}.Release|Any CPU.Build.0 = Release|Any CPU
		{6ACE4ABB-F6EB-4A8E-83AF-3DCFAAE5D9ED}.Debug|Any CPU.ActiveCfg = Debug|Any CPU
		{6ACE4ABB-F6EB-4A8E-83AF-3DCFAAE5D9ED}.Debug|Any CPU.Build.0 = Debug|Any CPU
		{6ACE4ABB-F6EB-4A8E-83AF-3DCFAAE5D9ED}.Release|Any CPU.ActiveCfg = Release|Any CPU
		{6ACE4ABB-F6EB-4A8E-83AF-3DCFAAE5D9ED}.Release|Any CPU.Build.0 = Release|Any CPU
		{612B91C8-5D97-40FA-9C51-75A29FD1370C}.Debug|Any CPU.ActiveCfg = Debug|Any CPU
		{612B91C8-5D97-40FA-9C51-75A29FD1370C}.Debug|Any CPU.Build.0 = Debug|Any CPU
		{612B91C8-5D97-40FA-9C51-75A29FD1370C}.Release|Any CPU.ActiveCfg = Release|Any CPU
		{612B91C8-5D97-40FA-9C51-75A29FD1370C}.Release|Any CPU.Build.0 = Release|Any CPU
	EndGlobalSection
	GlobalSection(SolutionProperties) = preSolution
		HideSolutionNode = FALSE
	EndGlobalSection
	GlobalSection(NestedProjects) = preSolution
		{617ED73C-AE0D-4AE4-9160-EDF6067822AD} = {68FB2020-BFB6-4878-B339-351B45228B2F}
		{98BDEB9A-525D-41BF-8239-DDEDBF30857A} = {7A0BB612-EAE9-4516-8A51-6577C40DBEEA}
		{0291235F-354F-4AFC-B725-2FAD734698AB} = {2C43E3BD-E1D2-4931-8D80-C1F81FCDF6D7}
		{17178AD5-4660-4B08-8441-57E06B64707A} = {2C43E3BD-E1D2-4931-8D80-C1F81FCDF6D7}
		{13052CFF-6A80-49CC-B8C4-FD24883C9CDA} = {2C43E3BD-E1D2-4931-8D80-C1F81FCDF6D7}
		{05668C07-8E36-48C5-BBA1-DC2CDAA90DAC} = {B9B412FA-C139-4009-9B49-B6454EE1C51D}
		{EEE593E6-E89D-44F3-92A3-B9E3F4DCC8C3} = {B9B412FA-C139-4009-9B49-B6454EE1C51D}
		{29623334-4165-4447-9530-FF9AD5443ECB} = {B9B412FA-C139-4009-9B49-B6454EE1C51D}
		{96FC7AE3-C7E3-48E2-BA46-2413B7C60CFB} = {B9B412FA-C139-4009-9B49-B6454EE1C51D}
		{698961B6-5DC5-4E3F-8406-D66C05365FCF} = {58989403-958D-4D01-851F-1B229192F148}
		{0B921B4E-0003-4960-A1C4-2F01F338F6E3} = {58989403-958D-4D01-851F-1B229192F148}
		{6ACE4ABB-F6EB-4A8E-83AF-3DCFAAE5D9ED} = {58989403-958D-4D01-851F-1B229192F148}
		{612B91C8-5D97-40FA-9C51-75A29FD1370C} = {58989403-958D-4D01-851F-1B229192F148}
	EndGlobalSection
	GlobalSection(ExtensibilityGlobals) = postSolution
		SolutionGuid = {ADADFC4F-71C6-40C6-9CA0-1E7BECE75C35}
	EndGlobalSection
EndGlobal
